
Microsoft Visual Studio Solution File, Format Version 12.00
# Visual Studio Version 17
VisualStudioVersion = 17.3.32811.315
MinimumVisualStudioVersion = 10.0.40219.1
Project("{FAE04EC0-301F-11D3-BF4B-00C04F79EFBC}") = "ApiBloodyTree", "ApiBloodyTree\ApiBloodyTree.csproj", "{C9941CB6-360D-4871-8722-F78E1F363703}"
EndProject
Global
	GlobalSection(SolutionConfigurationPlatforms) = preSolution
		Debug|Any CPU = Debug|Any CPU
		Release|Any CPU = Release|Any CPU
	EndGlobalSection
	GlobalSection(ProjectConfigurationPlatforms) = postSolution
		{C9941CB6-360D-4871-8722-F78E1F363703}.Debug|Any CPU.ActiveCfg = Debug|Any CPU
		{C9941CB6-360D-4871-8722-F78E1F363703}.Debug|Any CPU.Build.0 = Debug|Any CPU
		{C9941CB6-360D-4871-8722-F78E1F363703}.Release|Any CPU.ActiveCfg = Release|Any CPU
		{C9941CB6-360D-4871-8722-F78E1F363703}.Release|Any CPU.Build.0 = Release|Any CPU
	EndGlobalSection
	GlobalSection(SolutionProperties) = preSolution
		HideSolutionNode = FALSE
	EndGlobalSection
	GlobalSection(ExtensibilityGlobals) = postSolution
		SolutionGuid = {64F754F6-8E17-4EC6-8B0F-4BEF5C3657DB}
	EndGlobalSection
EndGlobal
